
Microsoft Visual Studio Solution File, Format Version 12.00
# Visual Studio Version 17
VisualStudioVersion = 17.14.36518.9 d17.14
MinimumVisualStudioVersion = 10.0.40219.1
Project("{FAE04EC0-301F-11D3-BF4B-00C04F79EFBC}") = "EmployeeManagementAPI", "EmployeeManagementAPI\EmployeeManagementAPI.csproj", "{F369E130-84B9-4F75-84DF-8DEBB8FB7080}"
EndProject
Global
	GlobalSection(SolutionConfigurationPlatforms) = preSolution
		Debug|Any CPU = Debug|Any CPU
		Release|Any CPU = Release|Any CPU
	EndGlobalSection
	GlobalSection(ProjectConfigurationPlatforms) = postSolution
		{F369E130-84B9-4F75-84DF-8DEBB8FB7080}.Debug|Any CPU.ActiveCfg = Debug|Any CPU
		{F369E130-84B9-4F75-84DF-8DEBB8FB7080}.Debug|Any CPU.Build.0 = Debug|Any CPU
		{F369E130-84B9-4F75-84DF-8DEBB8FB7080}.Release|Any CPU.ActiveCfg = Release|Any CPU
		{F369E130-84B9-4F75-84DF-8DEBB8FB7080}.Release|Any CPU.Build.0 = Release|Any CPU
	EndGlobalSection
	GlobalSection(SolutionProperties) = preSolution
		HideSolutionNode = FALSE
	EndGlobalSection
	GlobalSection(ExtensibilityGlobals) = postSolution
		SolutionGuid = {F3FF3648-0E86-4F62-9568-E2D7385B419D}
	EndGlobalSection
EndGlobal
